
Microsoft Visual Studio Solution File, Format Version 12.00
# Visual Studio Version 17
VisualStudioVersion = 17.14.36327.8
MinimumVisualStudioVersion = 10.0.40219.1
Project("{FAE04EC0-301F-11D3-BF4B-00C04F79EFBC}") = "RecipeApp.API", "RecipeApp.API\RecipeApp.API.csproj", "{EE733C17-EC70-8273-48BD-D520837A0966}"
EndProject
Project("{FAE04EC0-301F-11D3-BF4B-00C04F79EFBC}") = "RecipeApp.Application", "RecipeApp.Application\RecipeApp.Application.csproj", "{2A8BFBD5-0DA0-C930-441A-0D1835750DD4}"
EndProject
Project("{FAE04EC0-301F-11D3-BF4B-00C04F79EFBC}") = "RecipeApp.Domain", "RecipeApp.Domain\RecipeApp.Domain.csproj", "{6C905533-663B-E19B-2703-0E767F3E5471}"
EndProject
Project("{FAE04EC0-301F-11D3-BF4B-00C04F79EFBC}") = "RecipeApp.Tests", "RecipeApp.Tests\RecipeApp.Tests.csproj", "{B26E3608-9D38-3AB2-370A-21B869184B0D}"
EndProject
Project("{FAE04EC0-301F-11D3-BF4B-00C04F79EFBC}") = "RecipeApp.Infrastructure", "RecipeApp.Infrastructure\RecipeApp.Infrastructure.csproj", "{BDE0ACA8-D98C-F564-62EC-8E2696471482}"
EndProject
Global
	GlobalSection(SolutionConfigurationPlatforms) = preSolution
		Debug|Any CPU = Debug|Any CPU
		Release|Any CPU = Release|Any CPU
	EndGlobalSection
	GlobalSection(ProjectConfigurationPlatforms) = postSolution
		{EE733C17-EC70-8273-48BD-D520837A0966}.Debug|Any CPU.ActiveCfg = Debug|Any CPU
		{EE733C17-EC70-8273-48BD-D520837A0966}.Debug|Any CPU.Build.0 = Debug|Any CPU
		{EE733C17-EC70-8273-48BD-D520837A0966}.Release|Any CPU.ActiveCfg = Release|Any CPU
		{EE733C17-EC70-8273-48BD-D520837A0966}.Release|Any CPU.Build.0 = Release|Any CPU
		{2A8BFBD5-0DA0-C930-441A-0D1835750DD4}.Debug|Any CPU.ActiveCfg = Debug|Any CPU
		{2A8BFBD5-0DA0-C930-441A-0D1835750DD4}.Debug|Any CPU.Build.0 = Debug|Any CPU
		{2A8BFBD5-0DA0-C930-441A-0D1835750DD4}.Release|Any CPU.ActiveCfg = Release|Any CPU
		{2A8BFBD5-0DA0-C930-441A-0D1835750DD4}.Release|Any CPU.Build.0 = Release|Any CPU
		{6C905533-663B-E19B-2703-0E767F3E5471}.Debug|Any CPU.ActiveCfg = Debug|Any CPU
		{6C905533-663B-E19B-2703-0E767F3E5471}.Debug|Any CPU.Build.0 = Debug|Any CPU
		{6C905533-663B-E19B-2703-0E767F3E5471}.Release|Any CPU.ActiveCfg = Release|Any CPU
		{6C905533-663B-E19B-2703-0E767F3E5471}.Release|Any CPU.Build.0 = Release|Any CPU
		{B26E3608-9D38-3AB2-370A-21B869184B0D}.Debug|Any CPU.ActiveCfg = Debug|Any CPU
		{B26E3608-9D38-3AB2-370A-21B869184B0D}.Debug|Any CPU.Build.0 = Debug|Any CPU
		{B26E3608-9D38-3AB2-370A-21B869184B0D}.Release|Any CPU.ActiveCfg = Release|Any CPU
		{B26E3608-9D38-3AB2-370A-21B869184B0D}.Release|Any CPU.Build.0 = Release|Any CPU
		{BDE0ACA8-D98C-F564-62EC-8E2696471482}.Debug|Any CPU.ActiveCfg = Debug|Any CPU
		{BDE0ACA8-D98C-F564-62EC-8E2696471482}.Debug|Any CPU.Build.0 = Debug|Any CPU
		{BDE0ACA8-D98C-F564-62EC-8E2696471482}.Release|Any CPU.ActiveCfg = Release|Any CPU
		{BDE0ACA8-D98C-F564-62EC-8E2696471482}.Release|Any CPU.Build.0 = Release|Any CPU
	EndGlobalSection
	GlobalSection(SolutionProperties) = preSolution
		HideSolutionNode = FALSE
	EndGlobalSection
	GlobalSection(ExtensibilityGlobals) = postSolution
		SolutionGuid = {5C96D2DA-1D53-4476-80D3-748940488979}
	EndGlobalSection
EndGlobal
